// !$*UTF8*$!
{
	archiveVersion = 1;
	classes = {
	};
	objectVersion = 55;
	objects = {

/* Begin PBXBuildFile section */
		5574DCF4273CB06000841E4A /* AppleMusic_SwiftUIApp.swift in Sources */ = {isa = PBXBuildFile; fileRef = 5574DCF3273CB06000841E4A /* AppleMusic_SwiftUIApp.swift */; };
		5574DCF8273CB06000841E4A /* Assets.xcassets in Resources */ = {isa = PBXBuildFile; fileRef = 5574DCF7273CB06000841E4A /* Assets.xcassets */; };
		5574DCFB273CB06000841E4A /* Preview Assets.xcassets in Resources */ = {isa = PBXBuildFile; fileRef = 5574DCFA273CB06000841E4A /* Preview Assets.xcassets */; };
		5574DD10273CB86800841E4A /* TabView.swift in Sources */ = {isa = PBXBuildFile; fileRef = 5574DD0F273CB86800841E4A /* TabView.swift */; };
		5574DD12273CB92200841E4A /* PlayerView.swift in Sources */ = {isa = PBXBuildFile; fileRef = 5574DD11273CB92200841E4A /* PlayerView.swift */; };
		5574DD14273CB93500841E4A /* LibraryView.swift in Sources */ = {isa = PBXBuildFile; fileRef = 5574DD13273CB93500841E4A /* LibraryView.swift */; };
		5574DD16273CB94C00841E4A /* RadioView.swift in Sources */ = {isa = PBXBuildFile; fileRef = 5574DD15273CB94C00841E4A /* RadioView.swift */; };
		5574DD18273CE09000841E4A /* EmptyLibraryView.swift in Sources */ = {isa = PBXBuildFile; fileRef = 5574DD17273CE09000841E4A /* EmptyLibraryView.swift */; };
		5574DD1A273CE0AF00841E4A /* FilterLibraryView.swift in Sources */ = {isa = PBXBuildFile; fileRef = 5574DD19273CE0AF00841E4A /* FilterLibraryView.swift */; };
		5574DD1C273CE5E600841E4A /* FilterItemsModel.swift in Sources */ = {isa = PBXBuildFile; fileRef = 5574DD1B273CE5E600841E4A /* FilterItemsModel.swift */; };
		5574DD2027495FBA00841E4A /* RadioItemsModel.swift in Sources */ = {isa = PBXBuildFile; fileRef = 5574DD1F27495FBA00841E4A /* RadioItemsModel.swift */; };
		5574DD222749744200841E4A /* RadioItemView.swift in Sources */ = {isa = PBXBuildFile; fileRef = 5574DD212749744200841E4A /* RadioItemView.swift */; };
		5574DD242749790600841E4A /* StationsItemsModel.swift in Sources */ = {isa = PBXBuildFile; fileRef = 5574DD232749790600841E4A /* StationsItemsModel.swift */; };
		5574DD2627497ACD00841E4A /* StationItemView.swift in Sources */ = {isa = PBXBuildFile; fileRef = 5574DD2527497ACD00841E4A /* StationItemView.swift */; };
		55DF254F2787A21E00487E0B /* SearchMainView.swift in Sources */ = {isa = PBXBuildFile; fileRef = 55DF254E2787A21D00487E0B /* SearchMainView.swift */; };
		55DF25512787A77700487E0B /* CategorySelectedView.swift in Sources */ = {isa = PBXBuildFile; fileRef = 55DF25502787A77700487E0B /* CategorySelectedView.swift */; };
		55E10D542787EC310027572E /* SearchResult.swift in Sources */ = {isa = PBXBuildFile; fileRef = 55E10D532787EC310027572E /* SearchResult.swift */; };
		55E10D562787ECD10027572E /* SearchNavigationView.swift in Sources */ = {isa = PBXBuildFile; fileRef = 55E10D552787ECD10027572E /* SearchNavigationView.swift */; };
		55E10D5A2788E84F0027572E /* RadioItemsPublishedData.swift in Sources */ = {isa = PBXBuildFile; fileRef = 55E10D592788E84F0027572E /* RadioItemsPublishedData.swift */; };
		55E10D5C2788EAFE0027572E /* StationItemsPublishedData.swift in Sources */ = {isa = PBXBuildFile; fileRef = 55E10D5B2788EAFE0027572E /* StationItemsPublishedData.swift */; };
		55E10D5E2788F70A0027572E /* CategoriesItemsModel.swift in Sources */ = {isa = PBXBuildFile; fileRef = 55E10D5D2788F70A0027572E /* CategoriesItemsModel.swift */; };
		55E10D60278943D90027572E /* PlayerBlurView.swift in Sources */ = {isa = PBXBuildFile; fileRef = 55E10D5F278943D90027572E /* PlayerBlurView.swift */; };
		55EC20E62787C6D200B44BA3 /* CateroriesTracksView.swift in Sources */ = {isa = PBXBuildFile; fileRef = 55EC20E52787C6D200B44BA3 /* CateroriesTracksView.swift */; };
/* End PBXBuildFile section */

/* Begin PBXFileReference section */
		5574DCF0273CB05F00841E4A /* AppleMusic_SwiftUI.app */ = {isa = PBXFileReference; explicitFileType = wrapper.application; includeInIndex = 0; path = AppleMusic_SwiftUI.app; sourceTree = BUILT_PRODUCTS_DIR; };
		5574DCF3273CB06000841E4A /* AppleMusic_SwiftUIApp.swift */ = {isa = PBXFileReference; lastKnownFileType = sourcecode.swift; path = AppleMusic_SwiftUIApp.swift; sourceTree = "<group>"; };
		5574DCF7273CB06000841E4A /* Assets.xcassets */ = {isa = PBXFileReference; lastKnownFileType = folder.assetcatalog; path = Assets.xcassets; sourceTree = "<group>"; };
		5574DCFA273CB06000841E4A /* Preview Assets.xcassets */ = {isa = PBXFileReference; lastKnownFileType = folder.assetcatalog; path = "Preview Assets.xcassets"; sourceTree = "<group>"; };
		5574DD0F273CB86800841E4A /* TabView.swift */ = {isa = PBXFileReference; lastKnownFileType = sourcecode.swift; path = TabView.swift; sourceTree = "<group>"; };
		5574DD11273CB92200841E4A /* PlayerView.swift */ = {isa = PBXFileReference; lastKnownFileType = sourcecode.swift; path = PlayerView.swift; sourceTree = "<group>"; };
		5574DD13273CB93500841E4A /* LibraryView.swift */ = {isa = PBXFileReference; lastKnownFileType = sourcecode.swift; path = LibraryView.swift; sourceTree = "<group>"; };
		5574DD15273CB94C00841E4A /* RadioView.swift */ = {isa = PBXFileReference; lastKnownFileType = sourcecode.swift; path = RadioView.swift; sourceTree = "<group>"; };
		5574DD17273CE09000841E4A /* EmptyLibraryView.swift */ = {isa = PBXFileReference; lastKnownFileType = sourcecode.swift; path = EmptyLibraryView.swift; sourceTree = "<group>"; };
		5574DD19273CE0AF00841E4A /* FilterLibraryView.swift */ = {isa = PBXFileReference; lastKnownFileType = sourcecode.swift; path = FilterLibraryView.swift; sourceTree = "<group>"; };
		5574DD1B273CE5E600841E4A /* FilterItemsModel.swift */ = {isa = PBXFileReference; lastKnownFileType = sourcecode.swift; path = FilterItemsModel.swift; sourceTree = "<group>"; };
		5574DD1F27495FBA00841E4A /* RadioItemsModel.swift */ = {isa = PBXFileReference; lastKnownFileType = sourcecode.swift; path = RadioItemsModel.swift; sourceTree = "<group>"; };
		5574DD212749744200841E4A /* RadioItemView.swift */ = {isa = PBXFileReference; lastKnownFileType = sourcecode.swift; path = RadioItemView.swift; sourceTree = "<group>"; };
		5574DD232749790600841E4A /* StationsItemsModel.swift */ = {isa = PBXFileReference; lastKnownFileType = sourcecode.swift; path = StationsItemsModel.swift; sourceTree = "<group>"; };
		5574DD2527497ACD00841E4A /* StationItemView.swift */ = {isa = PBXFileReference; lastKnownFileType = sourcecode.swift; path = StationItemView.swift; sourceTree = "<group>"; };
		55DF254E2787A21D00487E0B /* SearchMainView.swift */ = {isa = PBXFileReference; lastKnownFileType = sourcecode.swift; path = SearchMainView.swift; sourceTree = "<group>"; };
		55DF25502787A77700487E0B /* CategorySelectedView.swift */ = {isa = PBXFileReference; lastKnownFileType = sourcecode.swift; path = CategorySelectedView.swift; sourceTree = "<group>"; };
		55E10D532787EC310027572E /* SearchResult.swift */ = {isa = PBXFileReference; lastKnownFileType = sourcecode.swift; path = SearchResult.swift; sourceTree = "<group>"; };
		55E10D552787ECD10027572E /* SearchNavigationView.swift */ = {isa = PBXFileReference; lastKnownFileType = sourcecode.swift; path = SearchNavigationView.swift; sourceTree = "<group>"; };
		55E10D592788E84F0027572E /* RadioItemsPublishedData.swift */ = {isa = PBXFileReference; lastKnownFileType = sourcecode.swift; path = RadioItemsPublishedData.swift; sourceTree = "<group>"; };
		55E10D5B2788EAFE0027572E /* StationItemsPublishedData.swift */ = {isa = PBXFileReference; lastKnownFileType = sourcecode.swift; path = StationItemsPublishedData.swift; sourceTree = "<group>"; };
		55E10D5D2788F70A0027572E /* CategoriesItemsModel.swift */ = {isa = PBXFileReference; lastKnownFileType = sourcecode.swift; path = CategoriesItemsModel.swift; sourceTree = "<group>"; };
		55E10D5F278943D90027572E /* PlayerBlurView.swift */ = {isa = PBXFileReference; lastKnownFileType = sourcecode.swift; path = PlayerBlurView.swift; sourceTree = "<group>"; };
		55EC20E52787C6D200B44BA3 /* CateroriesTracksView.swift */ = {isa = PBXFileReference; lastKnownFileType = sourcecode.swift; path = CateroriesTracksView.swift; sourceTree = "<group>"; };
/* End PBXFileReference section */

/* Begin PBXFrameworksBuildPhase section */
		5574DCED273CB05F00841E4A /* Frameworks */ = {
			isa = PBXFrameworksBuildPhase;
			buildActionMask = 2147483647;
			files = (
			);
			runOnlyForDeploymentPostprocessing = 0;
		};
/* End PBXFrameworksBuildPhase section */

/* Begin PBXGroup section */
		5574DCE7273CB05F00841E4A = {
			isa = PBXGroup;
			children = (
				5574DCF2273CB06000841E4A /* AppleMusic_SwiftUI */,
				5574DCF1273CB05F00841E4A /* Products */,
			);
			sourceTree = "<group>";
		};
		5574DCF1273CB05F00841E4A /* Products */ = {
			isa = PBXGroup;
			children = (
				5574DCF0273CB05F00841E4A /* AppleMusic_SwiftUI.app */,
			);
			name = Products;
			sourceTree = "<group>";
		};
		5574DCF2273CB06000841E4A /* AppleMusic_SwiftUI */ = {
			isa = PBXGroup;
			children = (
				5574DD0E273CB7F700841E4A /* TabView */,
				5574DD0D273CB7E700841E4A /* App */,
				5574DD01273CB5F100841E4A /* Modules */,
				5574DCF7273CB06000841E4A /* Assets.xcassets */,
				5574DCF9273CB06000841E4A /* Preview Content */,
			);
			path = AppleMusic_SwiftUI;
			sourceTree = "<group>";
		};
		5574DCF9273CB06000841E4A /* Preview Content */ = {
			isa = PBXGroup;
			children = (
				5574DCFA273CB06000841E4A /* Preview Assets.xcassets */,
			);
			path = "Preview Content";
			sourceTree = "<group>";
		};
		5574DD01273CB5F100841E4A /* Modules */ = {
			isa = PBXGroup;
			children = (
				55DF254B2787A1D400487E0B /* Search */,
				5574DD08273CB71E00841E4A /* Radio */,
				5574DD03273CB6B500841E4A /* Library */,
				5574DD02273CB64200841E4A /* Player */,
			);
			path = Modules;
			sourceTree = "<group>";
		};
		5574DD02273CB64200841E4A /* Player */ = {
			isa = PBXGroup;
			children = (
				5574DD05273CB6F600841E4A /* View */,
			);
			path = Player;
			sourceTree = "<group>";
		};
		5574DD03273CB6B500841E4A /* Library */ = {
			isa = PBXGroup;
			children = (
				5574DD07273CB70500841E4A /* View */,
				5574DD06273CB6FD00841E4A /* Model */,
			);
			path = Library;
			sourceTree = "<group>";
		};
		5574DD05273CB6F600841E4A /* View */ = {
			isa = PBXGroup;
			children = (
				5574DD11273CB92200841E4A /* PlayerView.swift */,
				55E10D5F278943D90027572E /* PlayerBlurView.swift */,
			);
			path = View;
			sourceTree = "<group>";
		};
		5574DD06273CB6FD00841E4A /* Model */ = {
			isa = PBXGroup;
			children = (
				5574DD1B273CE5E600841E4A /* FilterItemsModel.swift */,
			);
			path = Model;
			sourceTree = "<group>";
		};
		5574DD07273CB70500841E4A /* View */ = {
			isa = PBXGroup;
			children = (
				5574DD13273CB93500841E4A /* LibraryView.swift */,
				5574DD17273CE09000841E4A /* EmptyLibraryView.swift */,
				5574DD19273CE0AF00841E4A /* FilterLibraryView.swift */,
			);
			path = View;
			sourceTree = "<group>";
		};
		5574DD08273CB71E00841E4A /* Radio */ = {
			isa = PBXGroup;
			children = (
				5574DD0B273CB73E00841E4A /* View */,
				5574DD09273CB72700841E4A /* Model */,
			);
			path = Radio;
			sourceTree = "<group>";
		};
		5574DD09273CB72700841E4A /* Model */ = {
			isa = PBXGroup;
			children = (
				5574DD1F27495FBA00841E4A /* RadioItemsModel.swift */,
				55E10D592788E84F0027572E /* RadioItemsPublishedData.swift */,
				5574DD232749790600841E4A /* StationsItemsModel.swift */,
				55E10D5B2788EAFE0027572E /* StationItemsPublishedData.swift */,
			);
			path = Model;
			sourceTree = "<group>";
		};
		5574DD0B273CB73E00841E4A /* View */ = {
			isa = PBXGroup;
			children = (
				5574DD15273CB94C00841E4A /* RadioView.swift */,
				5574DD212749744200841E4A /* RadioItemView.swift */,
				5574DD2527497ACD00841E4A /* StationItemView.swift */,
			);
			path = View;
			sourceTree = "<group>";
		};
		5574DD0D273CB7E700841E4A /* App */ = {
			isa = PBXGroup;
			children = (
				5574DCF3273CB06000841E4A /* AppleMusic_SwiftUIApp.swift */,
			);
			path = App;
			sourceTree = "<group>";
		};
		5574DD0E273CB7F700841E4A /* TabView */ = {
			isa = PBXGroup;
			children = (
				5574DD0F273CB86800841E4A /* TabView.swift */,
			);
			path = TabView;
			sourceTree = "<group>";
		};
		55DF254B2787A1D400487E0B /* Search */ = {
			isa = PBXGroup;
			children = (
				55DF254C2787A1E400487E0B /* View */,
				55DF254D2787A1EA00487E0B /* Model */,
			);
			path = Search;
			sourceTree = "<group>";
		};
		55DF254C2787A1E400487E0B /* View */ = {
			isa = PBXGroup;
			children = (
				55DF254E2787A21D00487E0B /* SearchMainView.swift */,
				55E10D532787EC310027572E /* SearchResult.swift */,
				55E10D552787ECD10027572E /* SearchNavigationView.swift */,
				55EC20E52787C6D200B44BA3 /* CateroriesTracksView.swift */,
				55DF25502787A77700487E0B /* CategorySelectedView.swift */,
			);
			path = View;
			sourceTree = "<group>";
		};
		55DF254D2787A1EA00487E0B /* Model */ = {
			isa = PBXGroup;
			children = (
				55E10D5D2788F70A0027572E /* CategoriesItemsModel.swift */,
			);
			path = Model;
			sourceTree = "<group>";
		};
/* End PBXGroup section */

/* Begin PBXNativeTarget section */
		5574DCEF273CB05F00841E4A /* AppleMusic_SwiftUI */ = {
			isa = PBXNativeTarget;
			buildConfigurationList = 5574DCFE273CB06000841E4A /* Build configuration list for PBXNativeTarget "AppleMusic_SwiftUI" */;
			buildPhases = (
				5574DCEC273CB05F00841E4A /* Sources */,
				5574DCED273CB05F00841E4A /* Frameworks */,
				5574DCEE273CB05F00841E4A /* Resources */,
			);
			buildRules = (
			);
			dependencies = (
			);
			name = AppleMusic_SwiftUI;
			productName = AppleMusic_SwiftUI;
			productReference = 5574DCF0273CB05F00841E4A /* AppleMusic_SwiftUI.app */;
			productType = "com.apple.product-type.application";
		};
/* End PBXNativeTarget section */

/* Begin PBXProject section */
		5574DCE8273CB05F00841E4A /* Project object */ = {
			isa = PBXProject;
			attributes = {
				BuildIndependentTargetsInParallel = 1;
				LastSwiftUpdateCheck = 1310;
				LastUpgradeCheck = 1310;
				TargetAttributes = {
					5574DCEF273CB05F00841E4A = {
						CreatedOnToolsVersion = 13.1;
					};
				};
			};
			buildConfigurationList = 5574DCEB273CB05F00841E4A /* Build configuration list for PBXProject "AppleMusic_SwiftUI" */;
			compatibilityVersion = "Xcode 13.0";
			developmentRegion = en;
			hasScannedForEncodings = 0;
			knownRegions = (
				en,
				Base,
			);
			mainGroup = 5574DCE7273CB05F00841E4A;
			productRefGroup = 5574DCF1273CB05F00841E4A /* Products */;
			projectDirPath = "";
			projectRoot = "";
			targets = (
				5574DCEF273CB05F00841E4A /* AppleMusic_SwiftUI */,
			);
		};
/* End PBXProject section */

/* Begin PBXResourcesBuildPhase section */
		5574DCEE273CB05F00841E4A /* Resources */ = {
			isa = PBXResourcesBuildPhase;
			buildActionMask = 2147483647;
			files = (
				5574DCFB273CB06000841E4A /* Preview Assets.xcassets in Resources */,
				5574DCF8273CB06000841E4A /* Assets.xcassets in Resources */,
			);
			runOnlyForDeploymentPostprocessing = 0;
		};
/* End PBXResourcesBuildPhase section */

/* Begin PBXSourcesBuildPhase section */
		5574DCEC273CB05F00841E4A /* Sources */ = {
			isa = PBXSourcesBuildPhase;
			buildActionMask = 2147483647;
			files = (
				5574DD18273CE09000841E4A /* EmptyLibraryView.swift in Sources */,
				5574DD222749744200841E4A /* RadioItemView.swift in Sources */,
				55E10D5A2788E84F0027572E /* RadioItemsPublishedData.swift in Sources */,
				55E10D562787ECD10027572E /* SearchNavigationView.swift in Sources */,
				5574DD242749790600841E4A /* StationsItemsModel.swift in Sources */,
				5574DD14273CB93500841E4A /* LibraryView.swift in Sources */,
				55E10D542787EC310027572E /* SearchResult.swift in Sources */,
				5574DD2627497ACD00841E4A /* StationItemView.swift in Sources */,
				5574DD2027495FBA00841E4A /* RadioItemsModel.swift in Sources */,
				55DF254F2787A21E00487E0B /* SearchMainView.swift in Sources */,
				55E10D5E2788F70A0027572E /* CategoriesItemsModel.swift in Sources */,
				55DF25512787A77700487E0B /* CategorySelectedView.swift in Sources */,
				55EC20E62787C6D200B44BA3 /* CateroriesTracksView.swift in Sources */,
				5574DD1C273CE5E600841E4A /* FilterItemsModel.swift in Sources */,
				5574DD1A273CE0AF00841E4A /* FilterLibraryView.swift in Sources */,
				5574DD12273CB92200841E4A /* PlayerView.swift in Sources */,
				55E10D60278943D90027572E /* PlayerBlurView.swift in Sources */,
				5574DD10273CB86800841E4A /* TabView.swift in Sources */,
				5574DCF4273CB06000841E4A /* AppleMusic_SwiftUIApp.swift in Sources */,
				55E10D5C2788EAFE0027572E /* StationItemsPublishedData.swift in Sources */,
				5574DD16273CB94C00841E4A /* RadioView.swift in Sources */,
			);
			runOnlyForDeploymentPostprocessing = 0;
		};
/* End PBXSourcesBuildPhase section */

/* Begin XCBuildConfiguration section */
		5574DCFC273CB06000841E4A /* Debug */ = {
			isa = XCBuildConfiguration;
			buildSettings = {
				ALWAYS_SEARCH_USER_PATHS = NO;
				CLANG_ANALYZER_NONNULL = YES;
				CLANG_ANALYZER_NUMBER_OBJECT_CONVERSION = YES_AGGRESSIVE;
				CLANG_CXX_LANGUAGE_STANDARD = "gnu++17";
				CLANG_CXX_LIBRARY = "libc++";
				CLANG_ENABLE_MODULES = YES;
				CLANG_ENABLE_OBJC_ARC = YES;
				CLANG_ENABLE_OBJC_WEAK = YES;
				CLANG_WARN_BLOCK_CAPTURE_AUTORELEASING = YES;
				CLANG_WARN_BOOL_CONVERSION = YES;
				CLANG_WARN_COMMA = YES;
				CLANG_WARN_CONSTANT_CONVERSION = YES;
				CLANG_WARN_DEPRECATED_OBJC_IMPLEMENTATIONS = YES;
				CLANG_WARN_DIRECT_OBJC_ISA_USAGE = YES_ERROR;
				CLANG_WARN_DOCUMENTATION_COMMENTS = YES;
				CLANG_WARN_EMPTY_BODY = YES;
				CLANG_WARN_ENUM_CONVERSION = YES;
				CLANG_WARN_INFINITE_RECURSION = YES;
				CLANG_WARN_INT_CONVERSION = YES;
				CLANG_WARN_NON_LITERAL_NULL_CONVERSION = YES;
				CLANG_WARN_OBJC_IMPLICIT_RETAIN_SELF = YES;
				CLANG_WARN_OBJC_LITERAL_CONVERSION = YES;
				CLANG_WARN_OBJC_ROOT_CLASS = YES_ERROR;
				CLANG_WARN_QUOTED_INCLUDE_IN_FRAMEWORK_HEADER = YES;
				CLANG_WARN_RANGE_LOOP_ANALYSIS = YES;
				CLANG_WARN_STRICT_PROTOTYPES = YES;
				CLANG_WARN_SUSPICIOUS_MOVE = YES;
				CLANG_WARN_UNGUARDED_AVAILABILITY = YES_AGGRESSIVE;
				CLANG_WARN_UNREACHABLE_CODE = YES;
				CLANG_WARN__DUPLICATE_METHOD_MATCH = YES;
				COPY_PHASE_STRIP = NO;
				DEBUG_INFORMATION_FORMAT = dwarf;
				ENABLE_STRICT_OBJC_MSGSEND = YES;
				ENABLE_TESTABILITY = YES;
				GCC_C_LANGUAGE_STANDARD = gnu11;
				GCC_DYNAMIC_NO_PIC = NO;
				GCC_NO_COMMON_BLOCKS = YES;
				GCC_OPTIMIZATION_LEVEL = 0;
				GCC_PREPROCESSOR_DEFINITIONS = (
					"DEBUG=1",
					"$(inherited)",
				);
				GCC_WARN_64_TO_32_BIT_CONVERSION = YES;
				GCC_WARN_ABOUT_RETURN_TYPE = YES_ERROR;
				GCC_WARN_UNDECLARED_SELECTOR = YES;
				GCC_WARN_UNINITIALIZED_AUTOS = YES_AGGRESSIVE;
				GCC_WARN_UNUSED_FUNCTION = YES;
				GCC_WARN_UNUSED_VARIABLE = YES;
				IPHONEOS_DEPLOYMENT_TARGET = 15.0;
				MTL_ENABLE_DEBUG_INFO = INCLUDE_SOURCE;
				MTL_FAST_MATH = YES;
				ONLY_ACTIVE_ARCH = YES;
				SDKROOT = iphoneos;
				SWIFT_ACTIVE_COMPILATION_CONDITIONS = DEBUG;
				SWIFT_OPTIMIZATION_LEVEL = "-Onone";
			};
			name = Debug;
		};
		5574DCFD273CB06000841E4A /* Release */ = {
			isa = XCBuildConfiguration;
			buildSettings = {
				ALWAYS_SEARCH_USER_PATHS = NO;
				CLANG_ANALYZER_NONNULL = YES;
				CLANG_ANALYZER_NUMBER_OBJECT_CONVERSION = YES_AGGRESSIVE;
				CLANG_CXX_LANGUAGE_STANDARD = "gnu++17";
				CLANG_CXX_LIBRARY = "libc++";
				CLANG_ENABLE_MODULES = YES;
				CLANG_ENABLE_OBJC_ARC = YES;
				CLANG_ENABLE_OBJC_WEAK = YES;
				CLANG_WARN_BLOCK_CAPTURE_AUTORELEASING = YES;
				CLANG_WARN_BOOL_CONVERSION = YES;
				CLANG_WARN_COMMA = YES;
				CLANG_WARN_CONSTANT_CONVERSION = YES;
				CLANG_WARN_DEPRECATED_OBJC_IMPLEMENTATIONS = YES;
				CLANG_WARN_DIRECT_OBJC_ISA_USAGE = YES_ERROR;
				CLANG_WARN_DOCUMENTATION_COMMENTS = YES;
				CLANG_WARN_EMPTY_BODY = YES;
				CLANG_WARN_ENUM_CONVERSION = YES;
				CLANG_WARN_INFINITE_RECURSION = YES;
				CLANG_WARN_INT_CONVERSION = YES;
				CLANG_WARN_NON_LITERAL_NULL_CONVERSION = YES;
				CLANG_WARN_OBJC_IMPLICIT_RETAIN_SELF = YES;
				CLANG_WARN_OBJC_LITERAL_CONVERSION = YES;
				CLANG_WARN_OBJC_ROOT_CLASS = YES_ERROR;
				CLANG_WARN_QUOTED_INCLUDE_IN_FRAMEWORK_HEADER = YES;
				CLANG_WARN_RANGE_LOOP_ANALYSIS = YES;
				CLANG_WARN_STRICT_PROTOTYPES = YES;
				CLANG_WARN_SUSPICIOUS_MOVE = YES;
				CLANG_WARN_UNGUARDED_AVAILABILITY = YES_AGGRESSIVE;
				CLANG_WARN_UNREACHABLE_CODE = YES;
				CLANG_WARN__DUPLICATE_METHOD_MATCH = YES;
				COPY_PHASE_STRIP = NO;
				DEBUG_INFORMATION_FORMAT = "dwarf-with-dsym";
				ENABLE_NS_ASSERTIONS = NO;
				ENABLE_STRICT_OBJC_MSGSEND = YES;
				GCC_C_LANGUAGE_STANDARD = gnu11;
				GCC_NO_COMMON_BLOCKS = YES;
				GCC_WARN_64_TO_32_BIT_CONVERSION = YES;
				GCC_WARN_ABOUT_RETURN_TYPE = YES_ERROR;
				GCC_WARN_UNDECLARED_SELECTOR = YES;
				GCC_WARN_UNINITIALIZED_AUTOS = YES_AGGRESSIVE;
				GCC_WARN_UNUSED_FUNCTION = YES;
				GCC_WARN_UNUSED_VARIABLE = YES;
				IPHONEOS_DEPLOYMENT_TARGET = 15.0;
				MTL_ENABLE_DEBUG_INFO = NO;
				MTL_FAST_MATH = YES;
				SDKROOT = iphoneos;
				SWIFT_COMPILATION_MODE = wholemodule;
				SWIFT_OPTIMIZATION_LEVEL = "-O";
				VALIDATE_PRODUCT = YES;
			};
			name = Release;
		};
		5574DCFF273CB06000841E4A /* Debug */ = {
			isa = XCBuildConfiguration;
			buildSettings = {
				ASSETCATALOG_COMPILER_APPICON_NAME = AppIcon;
				ASSETCATALOG_COMPILER_GLOBAL_ACCENT_COLOR_NAME = AccentColor;
				CODE_SIGN_STYLE = Automatic;
				CURRENT_PROJECT_VERSION = 1;
				DEVELOPMENT_ASSET_PATHS = "\"AppleMusic_SwiftUI/Preview Content\"";
				DEVELOPMENT_TEAM = CT2Z3RU3KS;
				ENABLE_PREVIEWS = YES;
				GENERATE_INFOPLIST_FILE = YES;
				INFOPLIST_KEY_UIApplicationSceneManifest_Generation = YES;
				INFOPLIST_KEY_UIApplicationSupportsIndirectInputEvents = YES;
				INFOPLIST_KEY_UILaunchScreen_Generation = YES;
				INFOPLIST_KEY_UISupportedInterfaceOrientations_iPad = "UIInterfaceOrientationPortrait UIInterfaceOrientationPortraitUpsideDown UIInterfaceOrientationLandscapeLeft UIInterfaceOrientationLandscapeRight";
				INFOPLIST_KEY_UISupportedInterfaceOrientations_iPhone = "UIInterfaceOrientationPortrait UIInterfaceOrientationLandscapeLeft UIInterfaceOrientationLandscapeRight";
				LD_RUNPATH_SEARCH_PATHS = (
					"$(inherited)",
					"@executable_path/Frameworks",
				);
				MARKETING_VERSION = 1.0;
				PRODUCT_BUNDLE_IDENTIFIER = "Anastasiia.AppleMusic-SwiftUI";
				PRODUCT_NAME = "$(TARGET_NAME)";
				SWIFT_EMIT_LOC_STRINGS = YES;
				SWIFT_VERSION = 5.0;
				TARGETED_DEVICE_FAMILY = "1,2";
			};
			name = Debug;
		};
		5574DD00273CB06000841E4A /* Release */ = {
			isa = XCBuildConfiguration;
			buildSettings = {
				ASSETCATALOG_COMPILER_APPICON_NAME = AppIcon;
				ASSETCATALOG_COMPILER_GLOBAL_ACCENT_COLOR_NAME = AccentColor;
				CODE_SIGN_STYLE = Automatic;
				CURRENT_PROJECT_VERSION = 1;
				DEVELOPMENT_ASSET_PATHS = "\"AppleMusic_SwiftUI/Preview Content\"";
				DEVELOPMENT_TEAM = CT2Z3RU3KS;
				ENABLE_PREVIEWS = YES;
				GENERATE_INFOPLIST_FILE = YES;
				INFOPLIST_KEY_UIApplicationSceneManifest_Generation = YES;
				INFOPLIST_KEY_UIApplicationSupportsIndirectInputEvents = YES;
				INFOPLIST_KEY_UILaunchScreen_Generation = YES;
				INFOPLIST_KEY_UISupportedInterfaceOrientations_iPad = "UIInterfaceOrientationPortrait UIInterfaceOrientationPortraitUpsideDown UIInterfaceOrientationLandscapeLeft UIInterfaceOrientationLandscapeRight";
				INFOPLIST_KEY_UISupportedInterfaceOrientations_iPhone = "UIInterfaceOrientationPortrait UIInterfaceOrientationLandscapeLeft UIInterfaceOrientationLandscapeRight";
				LD_RUNPATH_SEARCH_PATHS = (
					"$(inherited)",
					"@executable_path/Frameworks",
				);
				MARKETING_VERSION = 1.0;
				PRODUCT_BUNDLE_IDENTIFIER = "Anastasiia.AppleMusic-SwiftUI";
				PRODUCT_NAME = "$(TARGET_NAME)";
				SWIFT_EMIT_LOC_STRINGS = YES;
				SWIFT_VERSION = 5.0;
				TARGETED_DEVICE_FAMILY = "1,2";
			};
			name = Release;
		};
/* End XCBuildConfiguration section */

/* Begin XCConfigurationList section */
		5574DCEB273CB05F00841E4A /* Build configuration list for PBXProject "AppleMusic_SwiftUI" */ = {
			isa = XCConfigurationList;
			buildConfigurations = (
				5574DCFC273CB06000841E4A /* Debug */,
				5574DCFD273CB06000841E4A /* Release */,
			);
			defaultConfigurationIsVisible = 0;
			defaultConfigurationName = Release;
		};
		5574DCFE273CB06000841E4A /* Build configuration list for PBXNativeTarget "AppleMusic_SwiftUI" */ = {
			isa = XCConfigurationList;
			buildConfigurations = (
				5574DCFF273CB06000841E4A /* Debug */,
				5574DD00273CB06000841E4A /* Release */,
			);
			defaultConfigurationIsVisible = 0;
			defaultConfigurationName = Release;
		};
/* End XCConfigurationList section */
	};
	rootObject = 5574DCE8273CB05F00841E4A /* Project object */;
}
